
Microsoft Visual Studio Solution File, Format Version 12.00
# Visual Studio Express 2013 for Web
VisualStudioVersion = 12.0.40629.0
MinimumVisualStudioVersion = 10.0.40219.1
Project("{FAE04EC0-301F-11D3-BF4B-00C04F79EFBC}") = "MVCUnitTestingDemo", "MVCUnitTestingDemo\MVCUnitTestingDemo.csproj", "{64332933-D354-45A1-9A03-74032000E4AA}"
EndProject
Project("{FAE04EC0-301F-11D3-BF4B-00C04F79EFBC}") = "MVCUnitTestingDemo.Tests", "MVCUnitTestingDemo.Tests\MVCUnitTestingDemo.Tests.csproj", "{0DFA02B6-0369-42DC-91D0-0F77DB819FBA}"
EndProject
Global
	GlobalSection(SolutionConfigurationPlatforms) = preSolution
		Debug|Any CPU = Debug|Any CPU
		Release|Any CPU = Release|Any CPU
	EndGlobalSection
	GlobalSection(ProjectConfigurationPlatforms) = postSolution
		{64332933-D354-45A1-9A03-74032000E4AA}.Debug|Any CPU.ActiveCfg = Debug|Any CPU
		{64332933-D354-45A1-9A03-74032000E4AA}.Debug|Any CPU.Build.0 = Debug|Any CPU
		{64332933-D354-45A1-9A03-74032000E4AA}.Release|Any CPU.ActiveCfg = Release|Any CPU
		{64332933-D354-45A1-9A03-74032000E4AA}.Release|Any CPU.Build.0 = Release|Any CPU
		{0DFA02B6-0369-42DC-91D0-0F77DB819FBA}.Debug|Any CPU.ActiveCfg = Debug|Any CPU
		{0DFA02B6-0369-42DC-91D0-0F77DB819FBA}.Debug|Any CPU.Build.0 = Debug|Any CPU
		{0DFA02B6-0369-42DC-91D0-0F77DB819FBA}.Release|Any CPU.ActiveCfg = Release|Any CPU
		{0DFA02B6-0369-42DC-91D0-0F77DB819FBA}.Release|Any CPU.Build.0 = Release|Any CPU
	EndGlobalSection
	GlobalSection(SolutionProperties) = preSolution
		HideSolutionNode = FALSE
	EndGlobalSection
EndGlobal
